{
  "name": "fake-xivapi-kr",
  "version": "1.0.0",
  "lockfileVersion": 1,
  "requires": true,
  "dependencies": {
    "@babel/polyfill": {
      "version": "7.10.4",
      "resolved": "https://registry.npmjs.org/@babel/polyfill/-/polyfill-7.10.4.tgz",
      "integrity": "sha512-8BYcnVqQ5kMD2HXoHInBH7H1b/uP3KdnwCYXOqFnXqguOyuu443WXusbIUbWEfY3Z0Txk0M1uG/8YuAMhNl6zg==",
      "requires": {
        "core-js": "^2.6.5",
        "regenerator-runtime": "^0.13.4"
      }
    },
    "bent": {
      "version": "7.3.7",
      "resolved": "https://registry.npmjs.org/bent/-/bent-7.3.7.tgz",
      "integrity": "sha512-APYx9bkrq3olflUbDeymwmQLQLR39d0Qz/xbvWG3pgKtklrxHvFUHQgEEK4Tp5e0pnvQQCQM7Vdb3SzErmTtZQ==",
      "requires": {
        "bytesish": "^0.4.1",
        "caseless": "~0.12.0",
        "is-stream": "^2.0.0"
      }
    },
    "bytesish": {
      "version": "0.4.2",
      "resolved": "https://registry.npmjs.org/bytesish/-/bytesish-0.4.2.tgz",
      "integrity": "sha512-ym4cXhq28K7uhYZUEOl17LuqsqKSphDsZcfAKmEa/HcCsCqHMQXOiFuWx1OnbktJux/qKK1W9Xt9uU5kLIKypQ=="
    },
    "caseless": {
      "version": "0.12.0",
      "resolved": "https://registry.npmjs.org/caseless/-/caseless-0.12.0.tgz",
      "integrity": "sha1-G2gcIf+EAzyCZUMJBolCDRhxUdw="
    },
    "clone": {
      "version": "2.1.2",
      "resolved": "https://registry.npmjs.org/clone/-/clone-2.1.2.tgz",
      "integrity": "sha1-G39Ln1kfHo+DZwQBYANFoCiHQ18="
    },
    "core-js": {
      "version": "2.6.11",
      "resolved": "https://registry.npmjs.org/core-js/-/core-js-2.6.11.tgz",
      "integrity": "sha512-5wjnpaT/3dV+XB4borEsnAYQchn00XSgTAWKDkEqv+K8KevjbzmofK6hfJ9TZIlpj2N0xQpazy7PiRQiWHqzWg=="
    },
    "csv-parse": {
      "version": "4.11.1",
      "resolved": "https://registry.npmjs.org/csv-parse/-/csv-parse-4.11.1.tgz",
      "integrity": "sha512-cH2BG5Gd0u4G8qVI/jGXJSP2+El7Vy91/ZD3ehKALAWids1aIKOPhZ1ZVJzUrs2zTn6aGumVPBlbHsI91kI83A=="
    },
    "ffxiv-datamining-github-api": {
      "version": "0.0.2",
      "resolved": "https://registry.npmjs.org/ffxiv-datamining-github-api/-/ffxiv-datamining-github-api-0.0.2.tgz",
      "integrity": "sha512-G2AJNGLT1elDqQZGLlfsBm8E83p0MpYfvonS48ejNzFM6c3GjPJyesUkDFELryGguQOsu51cm19Ww9rIQIv6/w==",
      "requires": {
        "@babel/polyfill": "^7.10.4",
        "bent": "^7.3.7",
        "csv-parse": "^4.11.1",
        "node-cache": "^5.1.2",
        "regenerator-runtime": "^0.13.7"
      }
    },
    "is-stream": {
      "version": "2.0.0",
      "resolved": "https://registry.npmjs.org/is-stream/-/is-stream-2.0.0.tgz",
      "integrity": "sha512-XCoy+WlUr7d1+Z8GgSuXmpuUFC9fOhRXglJMx+dwLKTkL44Cjd4W1Z5P+BQZpr+cR93aGP4S/s7Ftw6Nd/kiEw=="
    },
    "node-cache": {
      "version": "5.1.2",
      "resolved": "https://registry.npmjs.org/node-cache/-/node-cache-5.1.2.tgz",
      "integrity": "sha512-t1QzWwnk4sjLWaQAS8CHgOJ+RAfmHpxFWmc36IWTiWHQfs0w5JDMBS1b1ZxQteo0vVVuWJvIUKHDkkeK7vIGCg==",
      "requires": {
        "clone": "2.x"
      }
    },
    "regenerator-runtime": {
      "version": "0.13.7",
      "resolved": "https://registry.npmjs.org/regenerator-runtime/-/regenerator-runtime-0.13.7.tgz",
      "integrity": "sha512-a54FxoJDIr27pgf7IgeQGxmqUNYrcV338lf/6gH456HZ/PhX+5BcwHXG9ajESmwe6WRO0tAzRUrRmNONWgkrew=="
    }
  }
}
